
Microsoft Visual Studio Solution File, Format Version 12.00
# Visual Studio Version 17
VisualStudioVersion = 17.14.36603.0 d17.14
MinimumVisualStudioVersion = 10.0.40219.1
Project("{00D1A9C2-B5F0-4AF3-8072-F6C62B433612}") = "YIMS_PROD", "YIMS_PROD.sqlproj", "{CFA96F15-8F98-4F7D-907C-B0B3E4932E71}"
EndProject
Global
	GlobalSection(SolutionConfigurationPlatforms) = preSolution
		Debug|Any CPU = Debug|Any CPU
		Release|Any CPU = Release|Any CPU
	EndGlobalSection
	GlobalSection(ProjectConfigurationPlatforms) = postSolution
		{CFA96F15-8F98-4F7D-907C-B0B3E4932E71}.Debug|Any CPU.ActiveCfg = Debug|Any CPU
		{CFA96F15-8F98-4F7D-907C-B0B3E4932E71}.Debug|Any CPU.Build.0 = Debug|Any CPU
		{CFA96F15-8F98-4F7D-907C-B0B3E4932E71}.Debug|Any CPU.Deploy.0 = Debug|Any CPU
		{CFA96F15-8F98-4F7D-907C-B0B3E4932E71}.Release|Any CPU.ActiveCfg = Release|Any CPU
		{CFA96F15-8F98-4F7D-907C-B0B3E4932E71}.Release|Any CPU.Build.0 = Release|Any CPU
		{CFA96F15-8F98-4F7D-907C-B0B3E4932E71}.Release|Any CPU.Deploy.0 = Release|Any CPU
	EndGlobalSection
	GlobalSection(SolutionProperties) = preSolution
		HideSolutionNode = FALSE
	EndGlobalSection
	GlobalSection(ExtensibilityGlobals) = postSolution
		SolutionGuid = {957932CF-A161-4C7A-BB3E-8304E99FFA0F}
	EndGlobalSection
EndGlobal
