
Microsoft Visual Studio Solution File, Format Version 12.00
# Visual Studio Version 17
VisualStudioVersion = 17.14.36603.0
MinimumVisualStudioVersion = 10.0.40219.1
Project("{E24C65DC-7377-472B-9ABA-BC803B73C61A}") = "Yakult.Inventory.Api", ".", "{B7C7C5BB-2B6B-4F1B-A82F-7BAE5B53C2D7}"
	ProjectSection(WebsiteProperties) = preProject
		SccProjectName = "SAK"
		SccAuxPath = "SAK"
		SccLocalPath = "SAK"
		SccProvider = "SAK"
		TargetFrameworkMoniker = ".NETFramework,Version%3Dv4.8"
		Debug.AspNetCompiler.VirtualPath = "/Yakult.Inventory.Api"
		Debug.AspNetCompiler.PhysicalPath = ".\\"
		Debug.AspNetCompiler.TargetPath = "PrecompiledWeb\\Yakult.Inventory.Api\\"
		Debug.AspNetCompiler.Updateable = "true"
		Debug.AspNetCompiler.ForceOverwrite = "true"
		Debug.AspNetCompiler.FixedNames = "false"
		Debug.AspNetCompiler.Debug = "True"
		Release.AspNetCompiler.VirtualPath = "/Yakult.Inventory.Api"
		Release.AspNetCompiler.PhysicalPath = ".\\"
		Release.AspNetCompiler.TargetPath = "PrecompiledWeb\\Yakult.Inventory.Api\\"
		Release.AspNetCompiler.Updateable = "true"
		Release.AspNetCompiler.ForceOverwrite = "true"
		Release.AspNetCompiler.FixedNames = "false"
		Release.AspNetCompiler.Debug = "False"
		VWDPort = "7015"
	EndProjectSection
EndProject
Global
	GlobalSection(SolutionConfigurationPlatforms) = preSolution
		Debug|Any CPU = Debug|Any CPU
		Release|Any CPU = Release|Any CPU
	EndGlobalSection
	GlobalSection(ProjectConfigurationPlatforms) = postSolution
		{B7C7C5BB-2B6B-4F1B-A82F-7BAE5B53C2D7}.Debug|Any CPU.ActiveCfg = Debug|Any CPU
		{B7C7C5BB-2B6B-4F1B-A82F-7BAE5B53C2D7}.Debug|Any CPU.Build.0 = Debug|Any CPU
		{B7C7C5BB-2B6B-4F1B-A82F-7BAE5B53C2D7}.Release|Any CPU.ActiveCfg = Release|Any CPU
		{B7C7C5BB-2B6B-4F1B-A82F-7BAE5B53C2D7}.Release|Any CPU.Build.0 = Release|Any CPU
	EndGlobalSection
	GlobalSection(SolutionProperties) = preSolution
		HideSolutionNode = FALSE
	EndGlobalSection
	GlobalSection(ExtensibilityGlobals) = postSolution
		SolutionGuid = {CFA6F7A9-6B9D-4D6A-99A0-8D0CDECFB4AF}
	EndGlobalSection
EndGlobal
